{
  "name": "new",
  "requires": true,
  "lockfileVersion": 1,
  "dependencies": {
    "@material/animation": {
      "version": "8.0.0",
      "resolved": "https://registry.npmjs.org/@material/animation/-/animation-8.0.0.tgz",
      "integrity": "sha512-4+rCFDcfJap62a/8luuq1fmMA+EdVMASD4CBd9cN4LNOc/OPzBkLqv0PHFTnmHu9Y9biHD94uyDsbEcvtyGr+Q==",
      "requires": {
        "tslib": "^1.9.3"
      }
    },
    "@material/auto-init": {
      "version": "8.0.0",
      "resolved": "https://registry.npmjs.org/@material/auto-init/-/auto-init-8.0.0.tgz",
      "integrity": "sha512-HVs1ghR0HY8bQjziF/+n7Q1pFgK+IQbo3I5/xWpSPdBMnrw1ZaJohA8ylukfxLV+M+L/45l1ouOVmbJ60/N2EQ==",
      "requires": {
        "@material/base": "^8.0.0",
        "tslib": "^1.9.3"
      }
    },
    "@material/banner": {
      "version": "8.0.0",
      "resolved": "https://registry.npmjs.org/@material/banner/-/banner-8.0.0.tgz",
      "integrity": "sha512-+Cu577cQmJcsJSGENcEBoHIce3xr+XvVUXrkCGSL5LJ3N5FyxcMlkx6x2qFddAiW0uO69H0URMx3D7zIkequsg==",
      "requires": {
        "@material/base": "^8.0.0",
        "@material/button": "^8.0.0",
        "@material/dom": "^8.0.0",
        "@material/feature-targeting": "^8.0.0",
        "@material/ripple": "^8.0.0",
        "@material/rtl": "^8.0.0",
        "@material/shape": "^8.0.0",
        "@material/theme": "^8.0.0",
        "@material/typography": "^8.0.0",
        "tslib": "^1.9.3"
      }
    },
    "@material/base": {
      "version": "8.0.0",
      "resolved": "https://registry.npmjs.org/@material/base/-/base-8.0.0.tgz",
      "integrity": "sha512-lLB3lv/A7TqqfqeVnoguv0NV+wpzM0KAVXj0jrtg2BtbxlOYjkfl4uySyOCLGxB0y4vTv1rSXB5i7Xn73+OQHg==",
      "requires": {
        "tslib": "^1.9.3"
      }
    },
    "@material/button": {
      "version": "8.0.0",
      "resolved": "https://registry.npmjs.org/@material/button/-/button-8.0.0.tgz",
      "integrity": "sha512-16s11brFwfpWvvJxMtOyUZ7J70TNclV37M4aRlQ1Cjxhk2IUQzeRSADpCl/NdNAZQHEIhrGl2oy21sQqaNhBKg==",
      "requires": {
        "@material/density": "^8.0.0",
        "@material/elevation": "^8.0.0",
        "@material/feature-targeting": "^8.0.0",
        "@material/ripple": "^8.0.0",
        "@material/rtl": "^8.0.0",
        "@material/shape": "^8.0.0",
        "@material/theme": "^8.0.0",
        "@material/touch-target": "^8.0.0",
        "@material/typography": "^8.0.0"
      }
    },
    "@material/card": {
      "version": "8.0.0",
      "resolved": "https://registry.npmjs.org/@material/card/-/card-8.0.0.tgz",
      "integrity": "sha512-mVpIuWtBCbuMtzSjjoaqjXa5h8tskp1vUaz4O4BhVdojE7m7oDp2/pa9AgADQALtqr9Q6ndtXdWhA4J9cFcRmA==",
      "requires": {
        "@material/dom": "^8.0.0",
        "@material/elevation": "^8.0.0",
        "@material/feature-targeting": "^8.0.0",
        "@material/ripple": "^8.0.0",
        "@material/rtl": "^8.0.0",
        "@material/shape": "^8.0.0",
        "@material/theme": "^8.0.0"
      }
    },
    "@material/checkbox": {
      "version": "8.0.0",
      "resolved": "https://registry.npmjs.org/@material/checkbox/-/checkbox-8.0.0.tgz",
      "integrity": "sha512-YKe8ZNlR5K2pBXH2elN8btsqptlSgGq2pkg6q6pXbVK7bL/+UUBiB4qSAZKz6T4JwDf+CdOAR3eJWPheEIOqqQ==",
      "requires": {
        "@material/animation": "^8.0.0",
        "@material/base": "^8.0.0",
        "@material/density": "^8.0.0",
        "@material/dom": "^8.0.0",
        "@material/feature-targeting": "^8.0.0",
        "@material/ripple": "^8.0.0",
        "@material/theme": "^8.0.0",
        "@material/touch-target": "^8.0.0",
        "tslib": "^1.9.3"
      }
    },
    "@material/chips": {
      "version": "8.0.0",
      "resolved": "https://registry.npmjs.org/@material/chips/-/chips-8.0.0.tgz",
      "integrity": "sha512-olPfOW5hU3bIbntgdyA+rFD2uATfS6LlC9Azt2hqb2Ky9KmcOxP29SJrHcb5ZpoPYirUNkB/GiCqR9sBwND0Aw==",
      "requires": {
        "@material/animation": "^8.0.0",
        "@material/base": "^8.0.0",
        "@material/checkbox": "^8.0.0",
        "@material/density": "^8.0.0",
        "@material/dom": "^8.0.0",
        "@material/elevation": "^8.0.0",
        "@material/feature-targeting": "^8.0.0",
        "@material/ripple": "^8.0.0",
        "@material/rtl": "^8.0.0",
        "@material/shape": "^8.0.0",
        "@material/theme": "^8.0.0",
        "@material/touch-target": "^8.0.0",
        "@material/typography": "^8.0.0",
        "tslib": "^1.9.3"
      }
    },
    "@material/circular-progress": {
      "version": "8.0.0",
      "resolved": "https://registry.npmjs.org/@material/circular-progress/-/circular-progress-8.0.0.tgz",
      "integrity": "sha512-evLJrb8XvtbQnaoYmH4CjlBXALWoq5MmLhj3ZcEBMd6UclBje/CxjTjIhRsAtc/PyFmdT3LgxN5NE8JYvbFqnA==",
      "requires": {
        "@material/animation": "^8.0.0",
        "@material/base": "^8.0.0",
        "@material/feature-targeting": "^8.0.0",
        "@material/progress-indicator": "^8.0.0",
        "@material/theme": "^8.0.0",
        "tslib": "^1.9.3"
      }
    },
    "@material/data-table": {
      "version": "8.0.0",
      "resolved": "https://registry.npmjs.org/@material/data-table/-/data-table-8.0.0.tgz",
      "integrity": "sha512-RrR6MSDn4ZG/TpRN6+ZPne3uR0isK9DXUkquUxatNBT2DLb9Sro55L3GxaQLehRHoj2UcICO30UWYB/O8j+wvg==",
      "requires": {
        "@material/animation": "^8.0.0",
        "@material/base": "^8.0.0",
        "@material/checkbox": "^8.0.0",
        "@material/density": "^8.0.0",
        "@material/dom": "^8.0.0",
        "@material/elevation": "^8.0.0",
        "@material/feature-targeting": "^8.0.0",
        "@material/icon-button": "^8.0.0",
        "@material/linear-progress": "^8.0.0",
        "@material/list": "^8.0.0",
        "@material/menu": "^8.0.0",
        "@material/rtl": "^8.0.0",
        "@material/select": "^8.0.0",
        "@material/shape": "^8.0.0",
        "@material/theme": "^8.0.0",
        "@material/touch-target": "^8.0.0",
        "@material/typography": "^8.0.0",
        "tslib": "^1.10.0"
      }
    },
    "@material/density": {
      "version": "8.0.0",
      "resolved": "https://registry.npmjs.org/@material/density/-/density-8.0.0.tgz",
      "integrity": "sha512-44g0S8kZfVw02JfMCLQeYxbt143xiQvouR1mNKqC6+W+XhdBNS1IxKtk+kONiEIXVhb9JKnEp5zag+aC589RTw=="
    },
    "@material/dialog": {
      "version": "8.0.0",
      "resolved": "https://registry.npmjs.org/@material/dialog/-/dialog-8.0.0.tgz",
      "integrity": "sha512-zRCdg9APj3dbgAASFiBuTflKJ05sq3BJQfjyNcVuXYz4DW6ySnDTCHkq/XwQLfBx79QEFQ9R1GYK/vbr7WWrnA==",
      "requires": {
        "@material/animation": "^8.0.0",
        "@material/base": "^8.0.0",
        "@material/button": "^8.0.0",
        "@material/dom": "^8.0.0",
        "@material/elevation": "^8.0.0",
        "@material/feature-targeting": "^8.0.0",
        "@material/ripple": "^8.0.0",
        "@material/rtl": "^8.0.0",
        "@material/shape": "^8.0.0",
        "@material/theme": "^8.0.0",
        "@material/touch-target": "^8.0.0",
        "@material/typography": "^8.0.0",
        "tslib": "^1.9.3"
      }
    },
    "@material/dom": {
      "version": "8.0.0",
      "resolved": "https://registry.npmjs.org/@material/dom/-/dom-8.0.0.tgz",
      "integrity": "sha512-Y+sGqsyeFEu2whqdQ++LzXwmoRzhG3nEiPPwtX/Fgqrfdy7nyG1tvLXT+P+PLMDM6xO/H5+yjPV5OLFpKJjiIg==",
      "requires": {
        "@material/feature-targeting": "^8.0.0",
        "tslib": "^1.9.3"
      }
    },
    "@material/drawer": {
      "version": "8.0.0",
      "resolved": "https://registry.npmjs.org/@material/drawer/-/drawer-8.0.0.tgz",
      "integrity": "sha512-vBeMgavv5aYgx1KQAFhlKr3W1+BGJoQQiNnPgDLtxBBkgfdaNxHo1DJz8cgYp1X6p3moRUqgzdKxAMj+pewL0g==",
      "requires": {
        "@material/animation": "^8.0.0",
        "@material/base": "^8.0.0",
        "@material/dom": "^8.0.0",
        "@material/elevation": "^8.0.0",
        "@material/feature-targeting": "^8.0.0",
        "@material/list": "^8.0.0",
        "@material/ripple": "^8.0.0",
        "@material/rtl": "^8.0.0",
        "@material/shape": "^8.0.0",
        "@material/theme": "^8.0.0",
        "@material/typography": "^8.0.0",
        "tslib": "^1.9.3"
      }
    },
    "@material/elevation": {
      "version": "8.0.0",
      "resolved": "https://registry.npmjs.org/@material/elevation/-/elevation-8.0.0.tgz",
      "integrity": "sha512-DF/bdPv20jnKw35rIGbJmVTaNKA710hzdmI8G4TWrW/asMkxynEjJKQriyXkesLY+c1GP7qJDEhpV+xkQUrJLg==",
      "requires": {
        "@material/animation": "^8.0.0",
        "@material/base": "^8.0.0",
        "@material/feature-targeting": "^8.0.0",
        "@material/theme": "^8.0.0"
      }
    },
    "@material/fab": {
      "version": "8.0.0",
      "resolved": "https://registry.npmjs.org/@material/fab/-/fab-8.0.0.tgz",
      "integrity": "sha512-WwWD7eiKsiX/Ys+0q+/0mUxdPdgX3ol7kpQOaCjHwNsircpe4ntT/BjXsNvsEl/S2sBOy+fC6UCxsx/UP6Djcw==",
      "requires": {
        "@material/animation": "^8.0.0",
        "@material/dom": "^8.0.0",
        "@material/elevation": "^8.0.0",
        "@material/feature-targeting": "^8.0.0",
        "@material/ripple": "^8.0.0",
        "@material/rtl": "^8.0.0",
        "@material/shape": "^8.0.0",
        "@material/theme": "^8.0.0",
        "@material/touch-target": "^8.0.0",
        "@material/typography": "^8.0.0"
      }
    },
    "@material/feature-targeting": {
      "version": "8.0.0",
      "resolved": "https://registry.npmjs.org/@material/feature-targeting/-/feature-targeting-8.0.0.tgz",
      "integrity": "sha512-xMJ9RmnOQCLPB6bD0xS0p6NF36vKNkjoPQt8aOoimtBlhSOba68+5jeX/qEQYZgOG4jf0SnWq833gAxx61Ni6g=="
    },
    "@material/floating-label": {
      "version": "8.0.0",
      "resolved": "https://registry.npmjs.org/@material/floating-label/-/floating-label-8.0.0.tgz",
      "integrity": "sha512-k8owllI0eTS3jRGSSALytdX5rvUSbNzK5rxZkdx81hRJ95oEYBuKyTgSPhiLjjpY2igtjO2amzfENLsHO9ABuA==",
      "requires": {
        "@material/animation": "^8.0.0",
        "@material/base": "^8.0.0",
        "@material/dom": "^8.0.0",
        "@material/feature-targeting": "^8.0.0",
        "@material/rtl": "^8.0.0",
        "@material/theme": "^8.0.0",
        "@material/typography": "^8.0.0",
        "tslib": "^1.9.3"
      }
    },
    "@material/form-field": {
      "version": "8.0.0",
      "resolved": "https://registry.npmjs.org/@material/form-field/-/form-field-8.0.0.tgz",
      "integrity": "sha512-VHmQ4QQRP/omLlc5kHRtP4GASg5Q+b3E3rz8r8XoJ6GqJamSHazCVpjcvIkpKxzDZaVTggLNxhlBCfRQ3VxuEQ==",
      "requires": {
        "@material/base": "^8.0.0",
        "@material/feature-targeting": "^8.0.0",
        "@material/ripple": "^8.0.0",
        "@material/rtl": "^8.0.0",
        "@material/theme": "^8.0.0",
        "@material/typography": "^8.0.0",
        "tslib": "^1.9.3"
      }
    },
    "@material/icon-button": {
      "version": "8.0.0",
      "resolved": "https://registry.npmjs.org/@material/icon-button/-/icon-button-8.0.0.tgz",
      "integrity": "sha512-OcO2sw21ty7OzEQ+7tkYt5NGrrwwDuCvZegfL/eMUla1iQFYf/pZ+QCb1r3NEtbBJmsXzoBsDcUnaiM4PxFs3g==",
      "requires": {
        "@material/base": "^8.0.0",
        "@material/density": "^8.0.0",
        "@material/feature-targeting": "^8.0.0",
        "@material/ripple": "^8.0.0",
        "@material/rtl": "^8.0.0",
        "@material/theme": "^8.0.0",
        "tslib": "^1.9.3"
      }
    },
    "@material/image-list": {
      "version": "8.0.0",
      "resolved": "https://registry.npmjs.org/@material/image-list/-/image-list-8.0.0.tgz",
      "integrity": "sha512-5WvCgaHtbqRwYR2tIUM3D5WYu1PkyodUOSQIfP5V+S6m/0AIFqy66PajRjvQzjQaeB1FCuimVwqp28CPDjukuA==",
      "requires": {
        "@material/feature-targeting": "^8.0.0",
        "@material/shape": "^8.0.0",
        "@material/theme": "^8.0.0",
        "@material/typography": "^8.0.0"
      }
    },
    "@material/layout-grid": {
      "version": "8.0.0",
      "resolved": "https://registry.npmjs.org/@material/layout-grid/-/layout-grid-8.0.0.tgz",
      "integrity": "sha512-B+vU+BYdFH83q8YoEhX5kAgvcyDPzAiWbnEUhWDyKF+m7Y2r+xSEtQ+nGfFIMS1njdSLhTRhVBhvBxIZ1wA4GQ=="
    },
    "@material/line-ripple": {
      "version": "8.0.0",
      "resolved": "https://registry.npmjs.org/@material/line-ripple/-/line-ripple-8.0.0.tgz",
      "integrity": "sha512-eShO/Xm7SWD9hpocIE+/+KWdYi4/dQEoTWyg7xZeLzbg70s+9cANLDE2+pkI8hsuMEhCTkC51XSOOBvTDSAZrQ==",
      "requires": {
        "@material/animation": "^8.0.0",
        "@material/base": "^8.0.0",
        "@material/feature-targeting": "^8.0.0",
        "@material/theme": "^8.0.0",
        "tslib": "^1.9.3"
      }
    },
    "@material/linear-progress": {
      "version": "8.0.0",
      "resolved": "https://registry.npmjs.org/@material/linear-progress/-/linear-progress-8.0.0.tgz",
      "integrity": "sha512-EN1QxsLIxZ8boh3s8H8tpgksZ55nb090D2SrSxzAq/ANc/XW3Dka1VtnW++GI6gr7YJOma7vfFjnMDMa1gNgRQ==",
      "requires": {
        "@material/animation": "^8.0.0",
        "@material/base": "^8.0.0",
        "@material/feature-targeting": "^8.0.0",
        "@material/progress-indicator": "^8.0.0",
        "@material/theme": "^8.0.0",
        "tslib": "^1.9.3"
      }
    },
    "@material/list": {
      "version": "8.0.0",
      "resolved": "https://registry.npmjs.org/@material/list/-/list-8.0.0.tgz",
      "integrity": "sha512-GlTNhyjpr9pNXnRKjLdt4+oNaHi51y1AcR4S14noSunZnd0DeMJ2yTe+56iDcA6OMpTIAefTtvWUqGrDnPEeVw==",
      "requires": {
        "@material/base": "^8.0.0",
        "@material/density": "^8.0.0",
        "@material/dom": "^8.0.0",
        "@material/feature-targeting": "^8.0.0",
        "@material/ripple": "^8.0.0",
        "@material/rtl": "^8.0.0",
        "@material/shape": "^8.0.0",
        "@material/theme": "^8.0.0",
        "@material/typography": "^8.0.0",
        "tslib": "^1.9.3"
      }
    },
    "@material/menu": {
      "version": "8.0.0",
      "resolved": "https://registry.npmjs.org/@material/menu/-/menu-8.0.0.tgz",
      "integrity": "sha512-ucG+j9GC8uDwkqjDxMfP21bKuvbKx4ChB/UKBZd4PZrJWCvqdfuC6AJih57UGVcu+l6r59mpmhkvfGhEjehNew==",
      "requires": {
        "@material/base": "^8.0.0",
        "@material/dom": "^8.0.0",
        "@material/elevation": "^8.0.0",
        "@material/feature-targeting": "^8.0.0",
        "@material/list": "^8.0.0",
        "@material/menu-surface": "^8.0.0",
        "@material/ripple": "^8.0.0",
        "@material/rtl": "^8.0.0",
        "@material/theme": "^8.0.0",
        "tslib": "^1.9.3"
      }
    },
    "@material/menu-surface": {
      "version": "8.0.0",
      "resolved": "https://registry.npmjs.org/@material/menu-surface/-/menu-surface-8.0.0.tgz",
      "integrity": "sha512-oQxLi80GrNRQ8jHMi5qXw9S9eRB62Y6xWV8yfG8k4buTTg61iFx9GEUDDene2RslH9eyggVBKJ2K0ibdPp+ZpQ==",
      "requires": {
        "@material/animation": "^8.0.0",
        "@material/base": "^8.0.0",
        "@material/elevation": "^8.0.0",
        "@material/feature-targeting": "^8.0.0",
        "@material/rtl": "^8.0.0",
        "@material/shape": "^8.0.0",
        "@material/theme": "^8.0.0",
        "tslib": "^1.9.3"
      }
    },
    "@material/notched-outline": {
      "version": "8.0.0",
      "resolved": "https://registry.npmjs.org/@material/notched-outline/-/notched-outline-8.0.0.tgz",
      "integrity": "sha512-5aNqLRoRfb5RJN7nOpUdo+xDZx6cTPzQwkXo9Fm6f2irWDPFd3qNQ1WGnKbY8r6KKo8wMarWkTRTAqmiWx/02g==",
      "requires": {
        "@material/base": "^8.0.0",
        "@material/feature-targeting": "^8.0.0",
        "@material/floating-label": "^8.0.0",
        "@material/rtl": "^8.0.0",
        "@material/shape": "^8.0.0",
        "@material/theme": "^8.0.0",
        "tslib": "^1.9.3"
      }
    },
    "@material/progress-indicator": {
      "version": "8.0.0",
      "resolved": "https://registry.npmjs.org/@material/progress-indicator/-/progress-indicator-8.0.0.tgz",
      "integrity": "sha512-ZBVdi8lEYJLvn7VFfzWnfZx7J94PGAuj8wq0Rto0we44rGQR3fmVhKMx7B12V4Ip1hakPtk1eDKPJAIkqq0u/Q==",
      "requires": {
        "tslib": "^1.9.3"
      }
    },
    "@material/radio": {
      "version": "8.0.0",
      "resolved": "https://registry.npmjs.org/@material/radio/-/radio-8.0.0.tgz",
      "integrity": "sha512-TthlhTB+a9XJXxdAydT+3zy1kHY1ATdLPQRy5fAYuY00smNYW584SftWV2avDNsqa8T+3/YvlvXWNQnCCfivyQ==",
      "requires": {
        "@material/animation": "^8.0.0",
        "@material/base": "^8.0.0",
        "@material/density": "^8.0.0",
        "@material/dom": "^8.0.0",
        "@material/feature-targeting": "^8.0.0",
        "@material/ripple": "^8.0.0",
        "@material/theme": "^8.0.0",
        "@material/touch-target": "^8.0.0",
        "tslib": "^1.9.3"
      }
    },
    "@material/ripple": {
      "version": "8.0.0",
      "resolved": "https://registry.npmjs.org/@material/ripple/-/ripple-8.0.0.tgz",
      "integrity": "sha512-r6Ejin8Qp9e91kHdhfStfXf5I18l5ZuraQIegBqj20OLe7SdrpMaGA3e1g923e/wfDCYEX1sBUVerwVUFJ+rTQ==",
      "requires": {
        "@material/animation": "^8.0.0",
        "@material/base": "^8.0.0",
        "@material/dom": "^8.0.0",
        "@material/feature-targeting": "^8.0.0",
        "@material/theme": "^8.0.0",
        "tslib": "^1.9.3"
      }
    },
    "@material/rtl": {
      "version": "8.0.0",
      "resolved": "https://registry.npmjs.org/@material/rtl/-/rtl-8.0.0.tgz",
      "integrity": "sha512-P7+22B+2r+ol5pnLvq7VUaZPJGBZeX2PpVwELE7J3IruN6SnOZyt1h2LZI/sEMuyQhKrNs8Cpq2PLnbgeQhBJQ==",
      "requires": {
        "@material/theme": "^8.0.0"
      }
    },
    "@material/segmented-button": {
      "version": "8.0.0",
      "resolved": "https://registry.npmjs.org/@material/segmented-button/-/segmented-button-8.0.0.tgz",
      "integrity": "sha512-E25nXvNhRHYqhvwWXTxYGylNwQFA9tad0GreTf6eiyQLsQmqnM/BKhnqPRLYzX17jitgyb7GdY/kQyzUmwFzFg==",
      "requires": {
        "@material/base": "^8.0.0",
        "@material/elevation": "^8.0.0",
        "@material/feature-targeting": "^8.0.0",
        "@material/ripple": "^8.0.0",
        "@material/theme": "^8.0.0",
        "@material/touch-target": "^8.0.0",
        "@material/typography": "^8.0.0"
      }
    },
    "@material/select": {
      "version": "8.0.0",
      "resolved": "https://registry.npmjs.org/@material/select/-/select-8.0.0.tgz",
      "integrity": "sha512-5ofZ6CbxIwrDzbEVRE60+8mYNce1TaUlnGs4WbauVKt60gquC9oYB5D9r27Q9Uqv5WlQvPL0vbTlRhAR7d1sYQ==",
      "requires": {
        "@material/animation": "^8.0.0",
        "@material/base": "^8.0.0",
        "@material/density": "^8.0.0",
        "@material/dom": "^8.0.0",
        "@material/feature-targeting": "^8.0.0",
        "@material/floating-label": "^8.0.0",
        "@material/line-ripple": "^8.0.0",
        "@material/list": "^8.0.0",
        "@material/menu": "^8.0.0",
        "@material/menu-surface": "^8.0.0",
        "@material/notched-outline": "^8.0.0",
        "@material/ripple": "^8.0.0",
        "@material/rtl": "^8.0.0",
        "@material/shape": "^8.0.0",
        "@material/theme": "^8.0.0",
        "@material/typography": "^8.0.0",
        "tslib": "^1.9.3"
      }
    },
    "@material/shape": {
      "version": "8.0.0",
      "resolved": "https://registry.npmjs.org/@material/shape/-/shape-8.0.0.tgz",
      "integrity": "sha512-VX8QtZkzC6bViTw9krDRgXaMQ+TVdSJSRs2W24V6G7FbYyVQqBreTkp8knAWJPWj68MsGVp1kRRvR6U8tB4GDg==",
      "requires": {
        "@material/feature-targeting": "^8.0.0",
        "@material/rtl": "^8.0.0",
        "@material/theme": "^8.0.0"
      }
    },
    "@material/slider": {
      "version": "8.0.0",
      "resolved": "https://registry.npmjs.org/@material/slider/-/slider-8.0.0.tgz",
      "integrity": "sha512-AdqrIxe+K+Y3ukge/GQsPABVKCTBNDBAcxOCkuuuHza41Xn4a4DZG5J/fQZFt/a4t0ydLepyfIzemeAhHICEzw==",
      "requires": {
        "@material/animation": "^8.0.0",
        "@material/base": "^8.0.0",
        "@material/dom": "^8.0.0",
        "@material/elevation": "^8.0.0",
        "@material/feature-targeting": "^8.0.0",
        "@material/ripple": "^8.0.0",
        "@material/rtl": "^8.0.0",
        "@material/theme": "^8.0.0",
        "@material/typography": "^8.0.0",
        "tslib": "^1.9.3"
      }
    },
    "@material/snackbar": {
      "version": "8.0.0",
      "resolved": "https://registry.npmjs.org/@material/snackbar/-/snackbar-8.0.0.tgz",
      "integrity": "sha512-VJA3C58o+b2PRpPsPrQ3dnS3S4L8NZ56Y9eEkOdaJ7mQUQqvYC3opYAT/MuawyGC9I7sUgscV7gHnYifm6JJHQ==",
      "requires": {
        "@material/animation": "^8.0.0",
        "@material/base": "^8.0.0",
        "@material/button": "^8.0.0",
        "@material/dom": "^8.0.0",
        "@material/elevation": "^8.0.0",
        "@material/feature-targeting": "^8.0.0",
        "@material/icon-button": "^8.0.0",
        "@material/ripple": "^8.0.0",
        "@material/rtl": "^8.0.0",
        "@material/shape": "^8.0.0",
        "@material/theme": "^8.0.0",
        "@material/typography": "^8.0.0",
        "tslib": "^1.9.3"
      }
    },
    "@material/switch": {
      "version": "8.0.0",
      "resolved": "https://registry.npmjs.org/@material/switch/-/switch-8.0.0.tgz",
      "integrity": "sha512-ayz8zrbbmQcHhrbiu7E7AXJnGl8gS9S2KjQRpFybnKxJca77jMxLuMBzVHu6eoXmMa3otwIrcJDQbQrKD+UPDA==",
      "requires": {
        "@material/animation": "^8.0.0",
        "@material/base": "^8.0.0",
        "@material/density": "^8.0.0",
        "@material/dom": "^8.0.0",
        "@material/elevation": "^8.0.0",
        "@material/feature-targeting": "^8.0.0",
        "@material/ripple": "^8.0.0",
        "@material/rtl": "^8.0.0",
        "@material/theme": "^8.0.0",
        "tslib": "^1.9.3"
      }
    },
    "@material/tab": {
      "version": "8.0.0",
      "resolved": "https://registry.npmjs.org/@material/tab/-/tab-8.0.0.tgz",
      "integrity": "sha512-AQ/7EJpKG6Pz+s3XGwWXWZxEgjM6U3xZfKFgL8l8yGQtnyY24sJHbIrCmuS2HQ74DfkZg8FElovuSLOJ6yypVg==",
      "requires": {
        "@material/base": "^8.0.0",
        "@material/feature-targeting": "^8.0.0",
        "@material/ripple": "^8.0.0",
        "@material/rtl": "^8.0.0",
        "@material/tab-indicator": "^8.0.0",
        "@material/theme": "^8.0.0",
        "@material/typography": "^8.0.0",
        "tslib": "^1.9.3"
      }
    },
    "@material/tab-bar": {
      "version": "8.0.0",
      "resolved": "https://registry.npmjs.org/@material/tab-bar/-/tab-bar-8.0.0.tgz",
      "integrity": "sha512-m2zl7wp9zGaFbUGBdksF9Wq3lSY21FNhpiIlNxrqCwTMdAYPOIvjYaQD/kW/bpHEjqu8Anqyr3ovP9XdnbA3uQ==",
      "requires": {
        "@material/animation": "^8.0.0",
        "@material/base": "^8.0.0",
        "@material/density": "^8.0.0",
        "@material/feature-targeting": "^8.0.0",
        "@material/tab": "^8.0.0",
        "@material/tab-scroller": "^8.0.0",
        "tslib": "^1.9.3"
      }
    },
    "@material/tab-indicator": {
      "version": "8.0.0",
      "resolved": "https://registry.npmjs.org/@material/tab-indicator/-/tab-indicator-8.0.0.tgz",
      "integrity": "sha512-2s3zjUtVvJ9pLP514mf83ZZFsy/CqNdwLE7ZU4sw27+ki1zqsgUmLPiWDAfmFyrN1Rvw2Tit3ZGuNJ7xFbAs3A==",
      "requires": {
        "@material/animation": "^8.0.0",
        "@material/base": "^8.0.0",
        "@material/feature-targeting": "^8.0.0",
        "@material/theme": "^8.0.0",
        "tslib": "^1.9.3"
      }
    },
    "@material/tab-scroller": {
      "version": "8.0.0",
      "resolved": "https://registry.npmjs.org/@material/tab-scroller/-/tab-scroller-8.0.0.tgz",
      "integrity": "sha512-fB/8lamANa/L3rNSkf7kB+GEnpH9vW1UQ9QtXe1K4Lr2UlCO1L3aV2HvOV53Ga4w25CcLUSypF3AxBzngb012Q==",
      "requires": {
        "@material/animation": "^8.0.0",
        "@material/base": "^8.0.0",
        "@material/dom": "^8.0.0",
        "@material/feature-targeting": "^8.0.0",
        "@material/tab": "^8.0.0",
        "tslib": "^1.9.3"
      }
    },
    "@material/textfield": {
      "version": "8.0.0",
      "resolved": "https://registry.npmjs.org/@material/textfield/-/textfield-8.0.0.tgz",
      "integrity": "sha512-Ec9T5gctPgy2mOnBr690aB2bYzfQblDRhfABNEMX41+Q9ywhzMrKGBCjyYiCzwOWTLOWxsXMXPfnTSkDq991yA==",
      "requires": {
        "@material/animation": "^8.0.0",
        "@material/base": "^8.0.0",
        "@material/density": "^8.0.0",
        "@material/dom": "^8.0.0",
        "@material/feature-targeting": "^8.0.0",
        "@material/floating-label": "^8.0.0",
        "@material/line-ripple": "^8.0.0",
        "@material/notched-outline": "^8.0.0",
        "@material/ripple": "^8.0.0",
        "@material/rtl": "^8.0.0",
        "@material/shape": "^8.0.0",
        "@material/theme": "^8.0.0",
        "@material/typography": "^8.0.0",
        "tslib": "^1.9.3"
      }
    },
    "@material/theme": {
      "version": "8.0.0",
      "resolved": "https://registry.npmjs.org/@material/theme/-/theme-8.0.0.tgz",
      "integrity": "sha512-YcU4oi1pd9K8KfPfhZHD7GGnn034SoaVld5534eEnTMgpUn2y7KHZJlPCjrdh1tIy+PBvnYAkxBtx+mKWRCKFQ==",
      "requires": {
        "@material/feature-targeting": "^8.0.0"
      }
    },
    "@material/tooltip": {
      "version": "8.0.0",
      "resolved": "https://registry.npmjs.org/@material/tooltip/-/tooltip-8.0.0.tgz",
      "integrity": "sha512-z0SgL6CWp59V2AnTLbmfzxKCXIo/fWQejiu6FNFnovjX9BMiQNoWd+BsNFdxZb8PZhSuTwToVG1CSHHKGrLLdw==",
      "requires": {
        "@material/animation": "^8.0.0",
        "@material/base": "^8.0.0",
        "@material/dom": "^8.0.0",
        "@material/feature-targeting": "^8.0.0",
        "@material/rtl": "^8.0.0",
        "@material/shape": "^8.0.0",
        "@material/theme": "^8.0.0",
        "@material/typography": "^8.0.0",
        "tslib": "^1.9.3"
      }
    },
    "@material/top-app-bar": {
      "version": "8.0.0",
      "resolved": "https://registry.npmjs.org/@material/top-app-bar/-/top-app-bar-8.0.0.tgz",
      "integrity": "sha512-cCP1eUAuFA8FbNgt+O3MI771IkIIMIUF6pc+hXBMddCBeec4VbSKUCqeRd1TR+RHPTf4BQ1QmutMSY8AkLIoyw==",
      "requires": {
        "@material/animation": "^8.0.0",
        "@material/base": "^8.0.0",
        "@material/elevation": "^8.0.0",
        "@material/ripple": "^8.0.0",
        "@material/rtl": "^8.0.0",
        "@material/shape": "^8.0.0",
        "@material/theme": "^8.0.0",
        "@material/typography": "^8.0.0",
        "tslib": "^1.9.3"
      }
    },
    "@material/touch-target": {
      "version": "8.0.0",
      "resolved": "https://registry.npmjs.org/@material/touch-target/-/touch-target-8.0.0.tgz",
      "integrity": "sha512-vRaV8AYiZfN+90SxDrO38rmmwNrTQHwwWGViBWod2uedQLe+TisldKa0UlCBrVscuDMVO3cpDdsgVzzdpCHdxg==",
      "requires": {
        "@material/base": "^8.0.0",
        "@material/feature-targeting": "^8.0.0"
      }
    },
    "@material/typography": {
      "version": "8.0.0",
      "resolved": "https://registry.npmjs.org/@material/typography/-/typography-8.0.0.tgz",
      "integrity": "sha512-1CKckX1JStAh4JvOGwyc3vJ8ggGJXBZJTZJDJNmXSyJeL8SkLdppeTjr02zN09VNrVehS41ArhScPF0zl0rMzQ==",
      "requires": {
        "@material/feature-targeting": "^8.0.0",
        "@material/theme": "^8.0.0"
      }
    },
    "@polymer/app-route": {
      "version": "3.0.2",
      "resolved": "https://registry.npmjs.org/@polymer/app-route/-/app-route-3.0.2.tgz",
      "integrity": "sha512-8Y34evmsaYh7ONr+zLwLzXaU0iOZZQj1E2uB3iaToQHbOP1POhKlnmAycBQ/eFB8BwrdSUBaDQk+rZhio78FQw==",
      "requires": {
        "@polymer/iron-location": "^3.0.0-pre.26",
        "@polymer/polymer": "^3.0.0"
      }
    },
    "@polymer/font-roboto": {
      "version": "3.0.2",
      "resolved": "https://registry.npmjs.org/@polymer/font-roboto/-/font-roboto-3.0.2.tgz",
      "integrity": "sha512-tx5TauYSmzsIvmSqepUPDYbs4/Ejz2XbZ1IkD7JEGqkdNUJlh+9KU85G56Tfdk/xjEZ8zorFfN09OSwiMrIQWA=="
    },
    "@polymer/iron-a11y-keys-behavior": {
      "version": "3.0.1",
      "resolved": "https://registry.npmjs.org/@polymer/iron-a11y-keys-behavior/-/iron-a11y-keys-behavior-3.0.1.tgz",
      "integrity": "sha512-lnrjKq3ysbBPT/74l0Fj0U9H9C35Tpw2C/tpJ8a+5g8Y3YJs1WSZYnEl1yOkw6sEyaxOq/1DkzH0+60gGu5/PQ==",
      "requires": {
        "@polymer/polymer": "^3.0.0"
      }
    },
    "@polymer/iron-ajax": {
      "version": "3.0.1",
      "resolved": "https://registry.npmjs.org/@polymer/iron-ajax/-/iron-ajax-3.0.1.tgz",
      "integrity": "sha512-7+TPEAfWsRdhj1Y8UeF1759ktpVu+c3sG16rJiUC3wF9+woQ9xI1zUm2d59i7Yc3aDEJrR/Q8Y262KlOvyGVNg==",
      "requires": {
        "@polymer/polymer": "^3.0.0"
      }
    },
    "@polymer/iron-behaviors": {
      "version": "3.0.1",
      "resolved": "https://registry.npmjs.org/@polymer/iron-behaviors/-/iron-behaviors-3.0.1.tgz",
      "integrity": "sha512-IMEwcv1lhf1HSQxuyWOUIL0lOBwmeaoSTpgCJeP9IBYnuB1SPQngmfRuHKgK6/m9LQ9F9miC7p3HeQQUdKAE0w==",
      "requires": {
        "@polymer/iron-a11y-keys-behavior": "^3.0.0-pre.26",
        "@polymer/polymer": "^3.0.0"
      }
    },
    "@polymer/iron-checked-element-behavior": {
      "version": "3.0.1",
      "resolved": "https://registry.npmjs.org/@polymer/iron-checked-element-behavior/-/iron-checked-element-behavior-3.0.1.tgz",
      "integrity": "sha512-aDr0cbCNVq49q+pOqa6CZutFh+wWpwPMLpEth9swx+GkAj+gCURhuQkaUYhIo5f2egDbEioR1aeHMnPlU9dQZA==",
      "requires": {
        "@polymer/iron-form-element-behavior": "^3.0.0-pre.26",
        "@polymer/iron-validatable-behavior": "^3.0.0-pre.26",
        "@polymer/polymer": "^3.0.0"
      }
    },
    "@polymer/iron-flex-layout": {
      "version": "3.0.1",
      "resolved": "https://registry.npmjs.org/@polymer/iron-flex-layout/-/iron-flex-layout-3.0.1.tgz",
      "integrity": "sha512-7gB869czArF+HZcPTVSgvA7tXYFze9EKckvM95NB7SqYF+NnsQyhoXgKnpFwGyo95lUjUW9TFDLUwDXnCYFtkw==",
      "requires": {
        "@polymer/polymer": "^3.0.0"
      }
    },
    "@polymer/iron-form": {
      "version": "3.0.1",
      "resolved": "https://registry.npmjs.org/@polymer/iron-form/-/iron-form-3.0.1.tgz",
      "integrity": "sha512-JwSQXHjYALsytCeBkXlY8aRwqgZuYIqzOk3iHuugb1RXOdZ7MZHyJhMDVBbscHjxqPKu/KaVzAjrcfwNNafzEA==",
      "requires": {
        "@polymer/iron-ajax": "^3.0.0-pre.26",
        "@polymer/polymer": "^3.0.0"
      }
    },
    "@polymer/iron-form-element-behavior": {
      "version": "3.0.1",
      "resolved": "https://registry.npmjs.org/@polymer/iron-form-element-behavior/-/iron-form-element-behavior-3.0.1.tgz",
      "integrity": "sha512-G/e2KXyL5AY7mMjmomHkGpgS0uAf4ovNpKhkuUTRnMuMJuf589bKqE85KN4ovE1Tzhv2hJoh/igyD6ekHiYU1A==",
      "requires": {
        "@polymer/polymer": "^3.0.0"
      }
    },
    "@polymer/iron-image": {
      "version": "3.0.2",
      "resolved": "https://registry.npmjs.org/@polymer/iron-image/-/iron-image-3.0.2.tgz",
      "integrity": "sha512-VyYtnewGozDb5sUeoLR1OvKzlt5WAL6b8Od7fPpio5oYL+9t061/nTV8+ZMrpMgF2WgB0zqM/3K53o3pbK5v8Q==",
      "requires": {
        "@polymer/polymer": "^3.0.0"
      }
    },
    "@polymer/iron-localstorage": {
      "version": "3.0.1",
      "resolved": "https://registry.npmjs.org/@polymer/iron-localstorage/-/iron-localstorage-3.0.1.tgz",
      "integrity": "sha512-Aep+1SYQSHtDu9flQA/m6kfX+2LOjegohB89cp0/oAFYw6XvxO1IcZrTsEGQuYl/9xrrk1vbjsbZR9zSVe4IIg==",
      "requires": {
        "@polymer/polymer": "^3.0.0"
      }
    },
    "@polymer/iron-location": {
      "version": "3.0.2",
      "resolved": "https://registry.npmjs.org/@polymer/iron-location/-/iron-location-3.0.2.tgz",
      "integrity": "sha512-75XlPsrm6RQUPNzWWaA0TnTQaWZUYX8UB4Q6WCjikKWzmaSCCxlBrVVYf8WRqtCxw/PeCvLn5kGL6qhTlNTCEA==",
      "requires": {
        "@polymer/polymer": "^3.0.0"
      }
    },
    "@polymer/iron-meta": {
      "version": "3.0.1",
      "resolved": "https://registry.npmjs.org/@polymer/iron-meta/-/iron-meta-3.0.1.tgz",
      "integrity": "sha512-pWguPugiLYmWFV9UWxLWzZ6gm4wBwQdDy4VULKwdHCqR7OP7u98h+XDdGZsSlDPv6qoryV/e3tGHlTIT0mbzJA==",
      "requires": {
        "@polymer/polymer": "^3.0.0"
      }
    },
    "@polymer/iron-pages": {
      "version": "3.0.1",
      "resolved": "https://registry.npmjs.org/@polymer/iron-pages/-/iron-pages-3.0.1.tgz",
      "integrity": "sha512-PQe8S1JKHPcsIvFOaQP+9+AXmqUIL9fPqC6xT63OAZQxYCeZJDKgT9GKBx+VRryYBUlj2FLEXkUVpG+PTotdjg==",
      "requires": {
        "@polymer/iron-resizable-behavior": "^3.0.0-pre.26",
        "@polymer/iron-selector": "^3.0.0-pre.26",
        "@polymer/polymer": "^3.0.0"
      }
    },
    "@polymer/iron-resizable-behavior": {
      "version": "3.0.1",
      "resolved": "https://registry.npmjs.org/@polymer/iron-resizable-behavior/-/iron-resizable-behavior-3.0.1.tgz",
      "integrity": "sha512-FyHxRxFspVoRaeZSWpT3y0C9awomb4tXXolIJcZ7RvXhMP632V5lez+ch5G5SwK0LpnAPkg35eB0LPMFv+YMMQ==",
      "requires": {
        "@polymer/polymer": "^3.0.0"
      }
    },
    "@polymer/iron-selector": {
      "version": "3.0.1",
      "resolved": "https://registry.npmjs.org/@polymer/iron-selector/-/iron-selector-3.0.1.tgz",
      "integrity": "sha512-sBVk2uas6prW0glUe2xEJJYlvxmYzM40Au9OKbfDK2Qekou/fLKcBRyIYI39kuI8zWRaip8f3CI8qXcUHnKb1A==",
      "requires": {
        "@polymer/polymer": "^3.0.0"
      }
    },
    "@polymer/iron-validatable-behavior": {
      "version": "3.0.1",
      "resolved": "https://registry.npmjs.org/@polymer/iron-validatable-behavior/-/iron-validatable-behavior-3.0.1.tgz",
      "integrity": "sha512-wwpYh6wOa4fNI+jH5EYKC7TVPYQ2OfgQqocWat7GsNWcsblKYhLYbwsvEY5nO0n2xKqNfZzDLrUom5INJN7msQ==",
      "requires": {
        "@polymer/iron-meta": "^3.0.0-pre.26",
        "@polymer/polymer": "^3.0.0"
      }
    },
    "@polymer/paper-behaviors": {
      "version": "3.0.1",
      "resolved": "https://registry.npmjs.org/@polymer/paper-behaviors/-/paper-behaviors-3.0.1.tgz",
      "integrity": "sha512-6knhj69fPJejv8qR0kCSUY+Q0XjaUf0OSnkjRjmTJPAwSrRYtgqE+l6P1FfA+py1X/cUjgne9EF5rMZAKJIg1g==",
      "requires": {
        "@polymer/iron-behaviors": "^3.0.0-pre.26",
        "@polymer/iron-checked-element-behavior": "^3.0.0-pre.26",
        "@polymer/paper-ripple": "^3.0.0-pre.26",
        "@polymer/polymer": "^3.0.0"
      }
    },
    "@polymer/paper-button": {
      "version": "3.0.1",
      "resolved": "https://registry.npmjs.org/@polymer/paper-button/-/paper-button-3.0.1.tgz",
      "integrity": "sha512-JRNBc+Oj9EWnmyLr7FcCr8T1KAnEHPh6mosln9BUdkM+qYaYsudSICh3cjTIbnj6AuF5OJidoLkM1dlyj0j6Zg==",
      "requires": {
        "@polymer/iron-flex-layout": "^3.0.0-pre.26",
        "@polymer/paper-behaviors": "^3.0.0-pre.27",
        "@polymer/paper-styles": "^3.0.0-pre.26",
        "@polymer/polymer": "^3.0.0"
      }
    },
    "@polymer/paper-ripple": {
      "version": "3.0.2",
      "resolved": "https://registry.npmjs.org/@polymer/paper-ripple/-/paper-ripple-3.0.2.tgz",
      "integrity": "sha512-DnLNvYIMsiayeICroYxx6Q6Hg1cUU8HN2sbutXazlemAlGqdq80qz3TIaVdbpbt/pvjcFGX2HtntMlPstCge8Q==",
      "requires": {
        "@polymer/iron-a11y-keys-behavior": "^3.0.0-pre.26",
        "@polymer/polymer": "^3.0.0"
      }
    },
    "@polymer/paper-styles": {
      "version": "3.0.1",
      "resolved": "https://registry.npmjs.org/@polymer/paper-styles/-/paper-styles-3.0.1.tgz",
      "integrity": "sha512-y6hmObLqlCx602TQiSBKHqjwkE7xmDiFkoxdYGaNjtv4xcysOTdVJsDR/R9UHwIaxJ7gHlthMSykir1nv78++g==",
      "requires": {
        "@polymer/font-roboto": "^3.0.1",
        "@polymer/iron-flex-layout": "^3.0.0-pre.26",
        "@polymer/polymer": "^3.0.0"
      }
    },
    "@polymer/polymer": {
      "version": "3.4.1",
      "resolved": "https://registry.npmjs.org/@polymer/polymer/-/polymer-3.4.1.tgz",
      "integrity": "sha512-KPWnhDZibtqKrUz7enIPOiO4ZQoJNOuLwqrhV2MXzIt3VVnUVJVG5ORz4Z2sgO+UZ+/UZnPD0jqY+jmw/+a9mQ==",
      "requires": {
        "@webcomponents/shadycss": "^1.9.1"
      }
    },
    "@polymer/test-fixture": {
      "version": "4.0.2",
      "resolved": "https://registry.npmjs.org/@polymer/test-fixture/-/test-fixture-4.0.2.tgz",
      "integrity": "sha512-tLX8tFE4mkc4p84YG5239G0hbgTVv2irZYrSyO0OblUqIRbRoCPmbydm3HRFQkJeAB3rPCtyeZ2roJULsmTG3A==",
      "dev": true
    },
    "@webcomponents/shadycss": {
      "version": "1.10.2",
      "resolved": "https://registry.npmjs.org/@webcomponents/shadycss/-/shadycss-1.10.2.tgz",
      "integrity": "sha512-9Iseu8bRtecb0klvv+WXZOVZatsRkbaH7M97Z+f+Pt909R4lDfgUODAnra23DOZTpeMTAkVpf4m/FZztN7Ox1A=="
    },
    "@webcomponents/webcomponentsjs": {
      "version": "2.5.0",
      "resolved": "https://registry.npmjs.org/@webcomponents/webcomponentsjs/-/webcomponentsjs-2.5.0.tgz",
      "integrity": "sha512-C0l51MWQZ9kLzcxOZtniOMohpIFdCLZum7/TEHv3XWFc1Fvt5HCpbSX84x8ltka/JuNKcuiDnxXFkiB2gaePcg==",
      "dev": true
    },
    "assertion-error": {
      "version": "1.1.0",
      "resolved": "https://registry.npmjs.org/assertion-error/-/assertion-error-1.1.0.tgz",
      "integrity": "sha512-jgsaNduz+ndvGyFt3uSuWqvy4lCnIJiovtouQN5JZHOKCS2QuhEdbcQHFhVksz2N2U9hXJo8odG7ETyWlEeuDw==",
      "dev": true
    },
    "balanced-match": {
      "version": "1.0.0",
      "resolved": "https://registry.npmjs.org/balanced-match/-/balanced-match-1.0.0.tgz",
      "integrity": "sha1-ibTRmasr7kneFk6gK4nORi1xt2c=",
      "dev": true
    },
    "brace-expansion": {
      "version": "1.1.11",
      "resolved": "https://registry.npmjs.org/brace-expansion/-/brace-expansion-1.1.11.tgz",
      "integrity": "sha512-iCuPHDFgrHX7H2vEI/5xpz07zSHB00TpugqhmYtVmMO6518mCuRMoOYFldEBl0g187ufozdaHgWKcYFb61qGiA==",
      "dev": true,
      "requires": {
        "balanced-match": "^1.0.0",
        "concat-map": "0.0.1"
      }
    },
    "browser-stdout": {
      "version": "1.3.1",
      "resolved": "https://registry.npmjs.org/browser-stdout/-/browser-stdout-1.3.1.tgz",
      "integrity": "sha512-qhAVI1+Av2X7qelOfAIYwXONood6XlZE/fXaBSmW/T5SzLAmCgzi+eiWE7fUvbHaeNBQH13UftjpXxsfLkMpgw==",
      "dev": true
    },
    "chai": {
      "version": "4.2.0",
      "resolved": "https://registry.npmjs.org/chai/-/chai-4.2.0.tgz",
      "integrity": "sha512-XQU3bhBukrOsQCuwZndwGcCVQHyZi53fQ6Ys1Fym7E4olpIqqZZhhoFJoaKVvV17lWQoXYwgWN2nF5crA8J2jw==",
      "dev": true,
      "requires": {
        "assertion-error": "^1.1.0",
        "check-error": "^1.0.2",
        "deep-eql": "^3.0.1",
        "get-func-name": "^2.0.0",
        "pathval": "^1.1.0",
        "type-detect": "^4.0.5"
      }
    },
    "check-error": {
      "version": "1.0.2",
      "resolved": "https://registry.npmjs.org/check-error/-/check-error-1.0.2.tgz",
      "integrity": "sha1-V00xLt2Iu13YkS6Sht1sCu1KrII=",
      "dev": true
    },
    "commander": {
      "version": "2.15.1",
      "resolved": "https://registry.npmjs.org/commander/-/commander-2.15.1.tgz",
      "integrity": "sha512-VlfT9F3V0v+jr4yxPc5gg9s62/fIVWsd2Bk2iD435um1NlGMYdVCq+MjcXnhYq2icNOizHr1kK+5TI6H0Hy0ag==",
      "dev": true
    },
    "concat-map": {
      "version": "0.0.1",
      "resolved": "https://registry.npmjs.org/concat-map/-/concat-map-0.0.1.tgz",
      "integrity": "sha1-2Klr13/Wjfd5OnMDajug1UBdR3s=",
      "dev": true
    },
    "debug": {
      "version": "3.1.0",
      "resolved": "https://registry.npmjs.org/debug/-/debug-3.1.0.tgz",
      "integrity": "sha512-OX8XqP7/1a9cqkxYw2yXss15f26NKWBpDXQd0/uK/KPqdQhxbPa994hnzjcE2VqQpDslf55723cKPUOGSmMY3g==",
      "dev": true,
      "requires": {
        "ms": "2.0.0"
      }
    },
    "deep-eql": {
      "version": "3.0.1",
      "resolved": "https://registry.npmjs.org/deep-eql/-/deep-eql-3.0.1.tgz",
      "integrity": "sha512-+QeIQyN5ZuO+3Uk5DYh6/1eKO0m0YmJFGNmFHGACpf1ClL1nmlV/p4gNgbl2pJGxgXb4faqo6UE+M5ACEMyVcw==",
      "dev": true,
      "requires": {
        "type-detect": "^4.0.0"
      }
    },
    "diff": {
      "version": "3.5.0",
      "resolved": "https://registry.npmjs.org/diff/-/diff-3.5.0.tgz",
      "integrity": "sha512-A46qtFgd+g7pDZinpnwiRJtxbC1hpgf0uzP3iG89scHk0AUC7A1TGxf5OiiOUv/JMZR8GOt8hL900hV0bOy5xA==",
      "dev": true
    },
    "escape-string-regexp": {
      "version": "1.0.5",
      "resolved": "https://registry.npmjs.org/escape-string-regexp/-/escape-string-regexp-1.0.5.tgz",
      "integrity": "sha1-G2HAViGQqN/2rjuyzwIAyhMLhtQ=",
      "dev": true
    },
    "fs.realpath": {
      "version": "1.0.0",
      "resolved": "https://registry.npmjs.org/fs.realpath/-/fs.realpath-1.0.0.tgz",
      "integrity": "sha1-FQStJSMVjKpA20onh8sBQRmU6k8=",
      "dev": true
    },
    "get-func-name": {
      "version": "2.0.0",
      "resolved": "https://registry.npmjs.org/get-func-name/-/get-func-name-2.0.0.tgz",
      "integrity": "sha1-6td0q+5y4gQJQzoGY2YCPdaIekE=",
      "dev": true
    },
    "glob": {
      "version": "7.1.2",
      "resolved": "https://registry.npmjs.org/glob/-/glob-7.1.2.tgz",
      "integrity": "sha512-MJTUg1kjuLeQCJ+ccE4Vpa6kKVXkPYJ2mOCQyUuKLcLQsdrMCpBPUi8qVE6+YuaJkozeA9NusTAw3hLr8Xe5EQ==",
      "dev": true,
      "requires": {
        "fs.realpath": "^1.0.0",
        "inflight": "^1.0.4",
        "inherits": "2",
        "minimatch": "^3.0.4",
        "once": "^1.3.0",
        "path-is-absolute": "^1.0.0"
      }
    },
    "growl": {
      "version": "1.10.5",
      "resolved": "https://registry.npmjs.org/growl/-/growl-1.10.5.tgz",
      "integrity": "sha512-qBr4OuELkhPenW6goKVXiv47US3clb3/IbuWF9KNKEijAy9oeHxU9IgzjvJhHkUzhaj7rOUD7+YGWqUjLp5oSA==",
      "dev": true
    },
    "has-flag": {
      "version": "3.0.0",
      "resolved": "https://registry.npmjs.org/has-flag/-/has-flag-3.0.0.tgz",
      "integrity": "sha1-tdRU3CGZriJWmfNGfloH87lVuv0=",
      "dev": true
    },
    "he": {
      "version": "1.1.1",
      "resolved": "https://registry.npmjs.org/he/-/he-1.1.1.tgz",
      "integrity": "sha1-k0EP0hsAlzUVH4howvJx80J+I/0=",
      "dev": true
    },
    "inflight": {
      "version": "1.0.6",
      "resolved": "https://registry.npmjs.org/inflight/-/inflight-1.0.6.tgz",
      "integrity": "sha1-Sb1jMdfQLQwJvJEKEHW6gWW1bfk=",
      "dev": true,
      "requires": {
        "once": "^1.3.0",
        "wrappy": "1"
      }
    },
    "inherits": {
      "version": "2.0.4",
      "resolved": "https://registry.npmjs.org/inherits/-/inherits-2.0.4.tgz",
      "integrity": "sha512-k/vGaX4/Yla3WzyMCvTQOXYeIHvqOKtnqBduzTHpzpQZzAskKMhZ2K+EnBiSM9zGSoIFeMpXKxa4dYeZIQqewQ==",
      "dev": true
    },
    "material-components-web": {
      "version": "8.0.0",
      "resolved": "https://registry.npmjs.org/material-components-web/-/material-components-web-8.0.0.tgz",
      "integrity": "sha512-0troqbxoXPozViUqL1AeXXAc12L3zf92pc5hYvR+0kyfCkp2tj+No5/Px96X/14l2sPQIoh82v7Sh0MMt7lbdg==",
      "requires": {
        "@material/animation": "^8.0.0",
        "@material/auto-init": "^8.0.0",
        "@material/banner": "^8.0.0",
        "@material/base": "^8.0.0",
        "@material/button": "^8.0.0",
        "@material/card": "^8.0.0",
        "@material/checkbox": "^8.0.0",
        "@material/chips": "^8.0.0",
        "@material/circular-progress": "^8.0.0",
        "@material/data-table": "^8.0.0",
        "@material/density": "^8.0.0",
        "@material/dialog": "^8.0.0",
        "@material/dom": "^8.0.0",
        "@material/drawer": "^8.0.0",
        "@material/elevation": "^8.0.0",
        "@material/fab": "^8.0.0",
        "@material/feature-targeting": "^8.0.0",
        "@material/floating-label": "^8.0.0",
        "@material/form-field": "^8.0.0",
        "@material/icon-button": "^8.0.0",
        "@material/image-list": "^8.0.0",
        "@material/layout-grid": "^8.0.0",
        "@material/line-ripple": "^8.0.0",
        "@material/linear-progress": "^8.0.0",
        "@material/list": "^8.0.0",
        "@material/menu": "^8.0.0",
        "@material/menu-surface": "^8.0.0",
        "@material/notched-outline": "^8.0.0",
        "@material/radio": "^8.0.0",
        "@material/ripple": "^8.0.0",
        "@material/rtl": "^8.0.0",
        "@material/segmented-button": "^8.0.0",
        "@material/select": "^8.0.0",
        "@material/shape": "^8.0.0",
        "@material/slider": "^8.0.0",
        "@material/snackbar": "^8.0.0",
        "@material/switch": "^8.0.0",
        "@material/tab": "^8.0.0",
        "@material/tab-bar": "^8.0.0",
        "@material/tab-indicator": "^8.0.0",
        "@material/tab-scroller": "^8.0.0",
        "@material/textfield": "^8.0.0",
        "@material/theme": "^8.0.0",
        "@material/tooltip": "^8.0.0",
        "@material/top-app-bar": "^8.0.0",
        "@material/touch-target": "^8.0.0",
        "@material/typography": "^8.0.0"
      }
    },
    "minimatch": {
      "version": "3.0.4",
      "resolved": "https://registry.npmjs.org/minimatch/-/minimatch-3.0.4.tgz",
      "integrity": "sha512-yJHVQEhyqPLUTgt9B83PXu6W3rx4MvvHvSUvToogpwoGDOUQ+yDrR0HRot+yOCdCO7u4hX3pWft6kWBBcqh0UA==",
      "dev": true,
      "requires": {
        "brace-expansion": "^1.1.7"
      }
    },
    "minimist": {
      "version": "0.0.8",
      "resolved": "https://registry.npmjs.org/minimist/-/minimist-0.0.8.tgz",
      "integrity": "sha1-hX/Kv8M5fSYluCKCYuhqp6ARsF0=",
      "dev": true
    },
    "mkdirp": {
      "version": "0.5.1",
      "resolved": "https://registry.npmjs.org/mkdirp/-/mkdirp-0.5.1.tgz",
      "integrity": "sha1-MAV0OOrGz3+MR2fzhkjWaX11yQM=",
      "dev": true,
      "requires": {
        "minimist": "0.0.8"
      }
    },
    "mocha": {
      "version": "5.2.0",
      "resolved": "https://registry.npmjs.org/mocha/-/mocha-5.2.0.tgz",
      "integrity": "sha512-2IUgKDhc3J7Uug+FxMXuqIyYzH7gJjXECKe/w43IGgQHTSj3InJi+yAA7T24L9bQMRKiUEHxEX37G5JpVUGLcQ==",
      "dev": true,
      "requires": {
        "browser-stdout": "1.3.1",
        "commander": "2.15.1",
        "debug": "3.1.0",
        "diff": "3.5.0",
        "escape-string-regexp": "1.0.5",
        "glob": "7.1.2",
        "growl": "1.10.5",
        "he": "1.1.1",
        "minimatch": "3.0.4",
        "mkdirp": "0.5.1",
        "supports-color": "5.4.0"
      }
    },
    "ms": {
      "version": "2.0.0",
      "resolved": "https://registry.npmjs.org/ms/-/ms-2.0.0.tgz",
      "integrity": "sha1-VgiurfwAvmwpAd9fmGF4jeDVl8g=",
      "dev": true
    },
    "once": {
      "version": "1.4.0",
      "resolved": "https://registry.npmjs.org/once/-/once-1.4.0.tgz",
      "integrity": "sha1-WDsap3WWHUsROsF9nFC6753Xa9E=",
      "dev": true,
      "requires": {
        "wrappy": "1"
      }
    },
    "path-is-absolute": {
      "version": "1.0.1",
      "resolved": "https://registry.npmjs.org/path-is-absolute/-/path-is-absolute-1.0.1.tgz",
      "integrity": "sha1-F0uSaHNVNP+8es5r9TpanhtcX18=",
      "dev": true
    },
    "pathval": {
      "version": "1.1.0",
      "resolved": "https://registry.npmjs.org/pathval/-/pathval-1.1.0.tgz",
      "integrity": "sha1-uULm1L3mUwBe9rcTYd74cn0GReA=",
      "dev": true
    },
    "supports-color": {
      "version": "5.4.0",
      "resolved": "https://registry.npmjs.org/supports-color/-/supports-color-5.4.0.tgz",
      "integrity": "sha512-zjaXglF5nnWpsq470jSv6P9DwPvgLkuapYmfDm3JWOm0vkNTVF2tI4UrN2r6jH1qM/uc/WtxYY1hYoA2dOKj5w==",
      "dev": true,
      "requires": {
        "has-flag": "^3.0.0"
      }
    },
    "tslib": {
      "version": "1.14.1",
      "resolved": "https://registry.npmjs.org/tslib/-/tslib-1.14.1.tgz",
      "integrity": "sha512-Xni35NKzjgMrwevysHTCArtLDpPvye8zV/0E4EyYn43P7/7qvQwPh9BGkHewbMulVntbigmcT7rdX3BNo9wRJg=="
    },
    "type-detect": {
      "version": "4.0.8",
      "resolved": "https://registry.npmjs.org/type-detect/-/type-detect-4.0.8.tgz",
      "integrity": "sha512-0fr/mIH1dlO+x7TlcMy+bIDqKPsw/70tVyeHW787goQjhmqaZe10uwLujubK9q9Lg6Fiho1KUKDYz0Z7k7g5/g==",
      "dev": true
    },
    "wct-mocha": {
      "version": "1.1.0",
      "resolved": "https://registry.npmjs.org/wct-mocha/-/wct-mocha-1.1.0.tgz",
      "integrity": "sha512-Wq7xtXFtsCs4bZxjjgRp1PKV3sx7NrSl1JqEVI4zF0/yavlYa9hRMO/+73u1ZScnHc5kIKNPT3KBsoCaQI3+MQ==",
      "dev": true
    },
    "wrappy": {
      "version": "1.0.2",
      "resolved": "https://registry.npmjs.org/wrappy/-/wrappy-1.0.2.tgz",
      "integrity": "sha1-tSQ9jz7BqjXxNkYFvA0QNuMKtp8=",
      "dev": true
    }
  }
}
